
Microsoft Visual Studio Solution File, Format Version 12.00
Project("{FAE04EC0-301F-11D3-BF4B-00C04F79EFBC}") = "SAWebUI", "SAWebUI\SAWebUI.csproj", "{E2D32A02-2206-445D-BCE1-B9EC7E3B359C}"
EndProject
Global
	GlobalSection(SolutionConfigurationPlatforms) = preSolution
		Debug|Any CPU = Debug|Any CPU
		Release|Any CPU = Release|Any CPU
	EndGlobalSection
	GlobalSection(ProjectConfigurationPlatforms) = postSolution
		{E2D32A02-2206-445D-BCE1-B9EC7E3B359C}.Debug|Any CPU.ActiveCfg = Debug|Any CPU
		{E2D32A02-2206-445D-BCE1-B9EC7E3B359C}.Debug|Any CPU.Build.0 = Debug|Any CPU
		{E2D32A02-2206-445D-BCE1-B9EC7E3B359C}.Release|Any CPU.ActiveCfg = Release|Any CPU
		{E2D32A02-2206-445D-BCE1-B9EC7E3B359C}.Release|Any CPU.Build.0 = Release|Any CPU
	EndGlobalSection
EndGlobal
